
Microsoft Visual Studio Solution File, Format Version 12.00
# Visual Studio Version 17
VisualStudioVersion = 17.8.34511.84
MinimumVisualStudioVersion = 10.0.40219.1
Project("{FAE04EC0-301F-11D3-BF4B-00C04F79EFBC}") = "SmartRefund.WebAPI", "SmartRefund.WebAPI\SmartRefund.WebAPI.csproj", "{5135162E-3F1E-40FE-98E9-1A70B5199040}"
EndProject
Global
	GlobalSection(SolutionConfigurationPlatforms) = preSolution
		Debug|Any CPU = Debug|Any CPU
		Release|Any CPU = Release|Any CPU
	EndGlobalSection
	GlobalSection(ProjectConfigurationPlatforms) = postSolution
		{5135162E-3F1E-40FE-98E9-1A70B5199040}.Debug|Any CPU.ActiveCfg = Debug|Any CPU
		{5135162E-3F1E-40FE-98E9-1A70B5199040}.Debug|Any CPU.Build.0 = Debug|Any CPU
		{5135162E-3F1E-40FE-98E9-1A70B5199040}.Release|Any CPU.ActiveCfg = Release|Any CPU
		{5135162E-3F1E-40FE-98E9-1A70B5199040}.Release|Any CPU.Build.0 = Release|Any CPU
	EndGlobalSection
	GlobalSection(SolutionProperties) = preSolution
		HideSolutionNode = FALSE
	EndGlobalSection
	GlobalSection(ExtensibilityGlobals) = postSolution
		SolutionGuid = {5B6D05D2-DA73-42A1-87DD-C5CE1A093AAE}
	EndGlobalSection
EndGlobal
